
Microsoft Visual Studio Solution File, Format Version 12.00
# Visual Studio 14
VisualStudioVersion = 14.0.25420.1
MinimumVisualStudioVersion = 10.0.40219.1
Project("{2150E333-8FDC-42A3-9474-1A3956D46DE8}") = "00 Lib", "00 Lib", "{E03BED9A-C174-4E3A-97CB-CACDA388555F}"
EndProject
Project("{2150E333-8FDC-42A3-9474-1A3956D46DE8}") = "01 Project", "01 Project", "{2F4CED35-3511-4FC4-859B-19ADEDF3F075}"
EndProject
Project("{2150E333-8FDC-42A3-9474-1A3956D46DE8}") = "02 Test", "02 Test", "{A70B33CB-A949-41C9-8213-18BFC77C4D28}"
EndProject
Project("{2150E333-8FDC-42A3-9474-1A3956D46DE8}") = "03 Tool", "03 Tool", "{E7F317F0-CC9E-4F07-9614-A3E48FAA0BA8}"
EndProject
Project("{FAE04EC0-301F-11D3-BF4B-00C04F79EFBC}") = "Common", "Common\Common.csproj", "{21AEECDB-3F06-4E66-9322-AC796148A0D2}"
EndProject
Project("{2150E333-8FDC-42A3-9474-1A3956D46DE8}") = "00 Common", "00 Common", "{9C90F03E-D6C5-4CD4-B69B-F483827B7A2E}"
EndProject
Project("{2150E333-8FDC-42A3-9474-1A3956D46DE8}") = "01 Db", "01 Db", "{56193206-6983-43FB-AAAF-26F2395EBFEB}"
EndProject
Project("{FAE04EC0-301F-11D3-BF4B-00C04F79EFBC}") = "NHibernateDemo.Entity", "NHibernateDemo.Entity\NHibernateDemo.Entity.csproj", "{A6ADC746-B5D5-431D-9F56-21DB879499C2}"
EndProject
Project("{FAE04EC0-301F-11D3-BF4B-00C04F79EFBC}") = "NHibernateDemo.Mapper", "NHibernateDemo.Mapper\NHibernateDemo.Mapper.csproj", "{EAEEB703-1AC1-4B96-9567-3D93A9CBFF18}"
EndProject
Project("{FAE04EC0-301F-11D3-BF4B-00C04F79EFBC}") = "NHibernateDemo.WinForm1", "NHibernateDemo.WinForm1\NHibernateDemo.WinForm1.csproj", "{B3A77D53-F0F2-4871-84FC-E6C0B48E847B}"
EndProject
Project("{FAE04EC0-301F-11D3-BF4B-00C04F79EFBC}") = "NHibernateDemo.IRepository", "NHibernateDemo.IRepository\NHibernateDemo.IRepository.csproj", "{F201707E-2976-4A96-B0DE-88B5AFD67A35}"
EndProject
Project("{2150E333-8FDC-42A3-9474-1A3956D46DE8}") = "00 Def", "00 Def", "{009B7D51-9656-45B6-B35F-0488EEF5F470}"
EndProject
Project("{FAE04EC0-301F-11D3-BF4B-00C04F79EFBC}") = "NHibernateDemo.Repository", "NHibernateDemo.Repository\NHibernateDemo.Repository.csproj", "{C8DE8D86-7702-430E-B85E-9EB78624B5F8}"
EndProject
Project("{2150E333-8FDC-42A3-9474-1A3956D46DE8}") = "02 Service", "02 Service", "{06D3B80E-F98B-4AF6-B662-C33699B4CC8B}"
EndProject
Project("{FAE04EC0-301F-11D3-BF4B-00C04F79EFBC}") = "NHibernateDemo.WinForm1.Service", "NHibernateDemo.WinForm1.Service\NHibernateDemo.WinForm1.Service.csproj", "{68BC8067-44ED-4D57-90F1-758E8D44A7BD}"
EndProject
Project("{FAE04EC0-301F-11D3-BF4B-00C04F79EFBC}") = "NHibernateDemo.WinForm1.IService", "NHibernateDemo.WinForm1.IService\NHibernateDemo.WinForm1.IService.csproj", "{69DC8AE9-3931-4BA6-9A9F-5744F17B6ECC}"
EndProject
Project("{FAE04EC0-301F-11D3-BF4B-00C04F79EFBC}") = "NHibernateDemo.DAL", "NHibernateDemo.DAL\NHibernateDemo.DAL.csproj", "{C283A0D0-5E89-4EAB-957C-11AEF4289ABE}"
EndProject
Global
	GlobalSection(SolutionConfigurationPlatforms) = preSolution
		Debug|Any CPU = Debug|Any CPU
		Release|Any CPU = Release|Any CPU
	EndGlobalSection
	GlobalSection(ProjectConfigurationPlatforms) = postSolution
		{21AEECDB-3F06-4E66-9322-AC796148A0D2}.Debug|Any CPU.ActiveCfg = Debug|Any CPU
		{21AEECDB-3F06-4E66-9322-AC796148A0D2}.Debug|Any CPU.Build.0 = Debug|Any CPU
		{21AEECDB-3F06-4E66-9322-AC796148A0D2}.Release|Any CPU.ActiveCfg = Release|Any CPU
		{21AEECDB-3F06-4E66-9322-AC796148A0D2}.Release|Any CPU.Build.0 = Release|Any CPU
		{A6ADC746-B5D5-431D-9F56-21DB879499C2}.Debug|Any CPU.ActiveCfg = Debug|Any CPU
		{A6ADC746-B5D5-431D-9F56-21DB879499C2}.Debug|Any CPU.Build.0 = Debug|Any CPU
		{A6ADC746-B5D5-431D-9F56-21DB879499C2}.Release|Any CPU.ActiveCfg = Release|Any CPU
		{A6ADC746-B5D5-431D-9F56-21DB879499C2}.Release|Any CPU.Build.0 = Release|Any CPU
		{EAEEB703-1AC1-4B96-9567-3D93A9CBFF18}.Debug|Any CPU.ActiveCfg = Debug|Any CPU
		{EAEEB703-1AC1-4B96-9567-3D93A9CBFF18}.Debug|Any CPU.Build.0 = Debug|Any CPU
		{EAEEB703-1AC1-4B96-9567-3D93A9CBFF18}.Release|Any CPU.ActiveCfg = Release|Any CPU
		{EAEEB703-1AC1-4B96-9567-3D93A9CBFF18}.Release|Any CPU.Build.0 = Release|Any CPU
		{B3A77D53-F0F2-4871-84FC-E6C0B48E847B}.Debug|Any CPU.ActiveCfg = Debug|Any CPU
		{B3A77D53-F0F2-4871-84FC-E6C0B48E847B}.Debug|Any CPU.Build.0 = Debug|Any CPU
		{B3A77D53-F0F2-4871-84FC-E6C0B48E847B}.Release|Any CPU.ActiveCfg = Release|Any CPU
		{B3A77D53-F0F2-4871-84FC-E6C0B48E847B}.Release|Any CPU.Build.0 = Release|Any CPU
		{F201707E-2976-4A96-B0DE-88B5AFD67A35}.Debug|Any CPU.ActiveCfg = Debug|Any CPU
		{F201707E-2976-4A96-B0DE-88B5AFD67A35}.Debug|Any CPU.Build.0 = Debug|Any CPU
		{F201707E-2976-4A96-B0DE-88B5AFD67A35}.Release|Any CPU.ActiveCfg = Release|Any CPU
		{F201707E-2976-4A96-B0DE-88B5AFD67A35}.Release|Any CPU.Build.0 = Release|Any CPU
		{C8DE8D86-7702-430E-B85E-9EB78624B5F8}.Debug|Any CPU.ActiveCfg = Debug|Any CPU
		{C8DE8D86-7702-430E-B85E-9EB78624B5F8}.Debug|Any CPU.Build.0 = Debug|Any CPU
		{C8DE8D86-7702-430E-B85E-9EB78624B5F8}.Release|Any CPU.ActiveCfg = Release|Any CPU
		{C8DE8D86-7702-430E-B85E-9EB78624B5F8}.Release|Any CPU.Build.0 = Release|Any CPU
		{68BC8067-44ED-4D57-90F1-758E8D44A7BD}.Debug|Any CPU.ActiveCfg = Debug|Any CPU
		{68BC8067-44ED-4D57-90F1-758E8D44A7BD}.Debug|Any CPU.Build.0 = Debug|Any CPU
		{68BC8067-44ED-4D57-90F1-758E8D44A7BD}.Release|Any CPU.ActiveCfg = Release|Any CPU
		{68BC8067-44ED-4D57-90F1-758E8D44A7BD}.Release|Any CPU.Build.0 = Release|Any CPU
		{69DC8AE9-3931-4BA6-9A9F-5744F17B6ECC}.Debug|Any CPU.ActiveCfg = Debug|Any CPU
		{69DC8AE9-3931-4BA6-9A9F-5744F17B6ECC}.Debug|Any CPU.Build.0 = Debug|Any CPU
		{69DC8AE9-3931-4BA6-9A9F-5744F17B6ECC}.Release|Any CPU.ActiveCfg = Release|Any CPU
		{69DC8AE9-3931-4BA6-9A9F-5744F17B6ECC}.Release|Any CPU.Build.0 = Release|Any CPU
		{C283A0D0-5E89-4EAB-957C-11AEF4289ABE}.Debug|Any CPU.ActiveCfg = Debug|Any CPU
		{C283A0D0-5E89-4EAB-957C-11AEF4289ABE}.Debug|Any CPU.Build.0 = Debug|Any CPU
		{C283A0D0-5E89-4EAB-957C-11AEF4289ABE}.Release|Any CPU.ActiveCfg = Release|Any CPU
		{C283A0D0-5E89-4EAB-957C-11AEF4289ABE}.Release|Any CPU.Build.0 = Release|Any CPU
	EndGlobalSection
	GlobalSection(SolutionProperties) = preSolution
		HideSolutionNode = FALSE
	EndGlobalSection
	GlobalSection(NestedProjects) = preSolution
		{21AEECDB-3F06-4E66-9322-AC796148A0D2} = {9C90F03E-D6C5-4CD4-B69B-F483827B7A2E}
		{9C90F03E-D6C5-4CD4-B69B-F483827B7A2E} = {E03BED9A-C174-4E3A-97CB-CACDA388555F}
		{56193206-6983-43FB-AAAF-26F2395EBFEB} = {E03BED9A-C174-4E3A-97CB-CACDA388555F}
		{A6ADC746-B5D5-431D-9F56-21DB879499C2} = {009B7D51-9656-45B6-B35F-0488EEF5F470}
		{EAEEB703-1AC1-4B96-9567-3D93A9CBFF18} = {009B7D51-9656-45B6-B35F-0488EEF5F470}
		{B3A77D53-F0F2-4871-84FC-E6C0B48E847B} = {2F4CED35-3511-4FC4-859B-19ADEDF3F075}
		{F201707E-2976-4A96-B0DE-88B5AFD67A35} = {56193206-6983-43FB-AAAF-26F2395EBFEB}
		{009B7D51-9656-45B6-B35F-0488EEF5F470} = {56193206-6983-43FB-AAAF-26F2395EBFEB}
		{C8DE8D86-7702-430E-B85E-9EB78624B5F8} = {56193206-6983-43FB-AAAF-26F2395EBFEB}
		{06D3B80E-F98B-4AF6-B662-C33699B4CC8B} = {E03BED9A-C174-4E3A-97CB-CACDA388555F}
		{68BC8067-44ED-4D57-90F1-758E8D44A7BD} = {06D3B80E-F98B-4AF6-B662-C33699B4CC8B}
		{69DC8AE9-3931-4BA6-9A9F-5744F17B6ECC} = {06D3B80E-F98B-4AF6-B662-C33699B4CC8B}
		{C283A0D0-5E89-4EAB-957C-11AEF4289ABE} = {56193206-6983-43FB-AAAF-26F2395EBFEB}
	EndGlobalSection
EndGlobal
